{
  "name": "world-contracts",
  "version": "1.0.0",
  "lockfileVersion": 3,
  "requires": true,
  "packages": {
    "": {
      "name": "world-contracts",
      "version": "1.0.0",
      "license": "MIT",
      "dependencies": {
        "@mysten/prettier-plugin-move": "^0.3.3",
        "prettier": "^3.1.1"
      }
    },
    "node_modules/.pnpm/@mysten+prettier-plugin-move@0.3.3": {
      "extraneous": true
    },
    "node_modules/.pnpm/prettier@3.6.2/node_modules/prettier": {
      "version": "3.6.2",
      "license": "MIT",
      "bin": {
        "prettier": "bin/prettier.cjs"
      },
      "engines": {
        "node": ">=14"
      },
      "funding": {
        "url": "https://github.com/prettier/prettier?sponsor=1"
      }
    },
    "node_modules/.pnpm/web-tree-sitter@0.20.8/node_modules/web-tree-sitter": {
      "version": "0.20.8",
      "extraneous": true,
      "license": "MIT",
      "devDependencies": {
        "chai": "^4.3.7",
        "mocha": "^10.2.0",
        "terser": "^5.16.6"
      }
    },
    "node_modules/@mysten/prettier-plugin-move": {
      "version": "0.3.3",
      "resolved": "https://registry.npmjs.org/@mysten/prettier-plugin-move/-/prettier-plugin-move-0.3.3.tgz",
      "integrity": "sha512-UCq9W95fyYI6EUG3Lm1mtEyxBqVHzg7PdofMX7nSxn6841GwC7Tv6VhdRcDIANMbq+m6e2whxgEi+xXtDSnXrg==",
      "license": "Apache-2.0",
      "dependencies": {
        "prettier": "^3.3.2",
        "web-tree-sitter": "^0.20.8"
      },
      "bin": {
        "prettier-move": "bin/prettier-move.js"
      }
    },
    "node_modules/prettier": {
      "resolved": "node_modules/.pnpm/prettier@3.6.2/node_modules/prettier",
      "link": true
    },
    "node_modules/web-tree-sitter": {
      "version": "0.20.8",
      "resolved": "https://registry.npmjs.org/web-tree-sitter/-/web-tree-sitter-0.20.8.tgz",
      "integrity": "sha512-weOVgZ3aAARgdnb220GqYuh7+rZU0Ka9k9yfKtGAzEYMa6GgiCzW9JjQRJyCJakvibQW+dfjJdihjInKuuCAUQ==",
      "license": "MIT"
    }
  }
}
